
Microsoft Visual Studio Solution File, Format Version 12.00
# Visual Studio Version 16
VisualStudioVersion = 16.0.30413.136
MinimumVisualStudioVersion = 10.0.40219.1
Project("{FAE04EC0-301F-11D3-BF4B-00C04F79EFBC}") = "CalculadoraGasolina", "CalculadoraGasolina\CalculadoraGasolina.csproj", "{4F7D666F-360C-4B79-9D5C-F35909E20C54}"
EndProject
Global
	GlobalSection(SolutionConfigurationPlatforms) = preSolution
		Debug|Any CPU = Debug|Any CPU
		Release|Any CPU = Release|Any CPU
	EndGlobalSection
	GlobalSection(ProjectConfigurationPlatforms) = postSolution
		{4F7D666F-360C-4B79-9D5C-F35909E20C54}.Debug|Any CPU.ActiveCfg = Debug|Any CPU
		{4F7D666F-360C-4B79-9D5C-F35909E20C54}.Debug|Any CPU.Build.0 = Debug|Any CPU
		{4F7D666F-360C-4B79-9D5C-F35909E20C54}.Release|Any CPU.ActiveCfg = Release|Any CPU
		{4F7D666F-360C-4B79-9D5C-F35909E20C54}.Release|Any CPU.Build.0 = Release|Any CPU
	EndGlobalSection
	GlobalSection(SolutionProperties) = preSolution
		HideSolutionNode = FALSE
	EndGlobalSection
	GlobalSection(ExtensibilityGlobals) = postSolution
		SolutionGuid = {F201A5FE-E90E-4994-9BBE-BBD50DE1065B}
	EndGlobalSection
EndGlobal
